
Microsoft Visual Studio Solution File, Format Version 12.00
Project("{8BC9CEB8-8B4A-11D0-8D11-00A0C91BC942}") = "Hash_functions", "Hash_functions\Hash_functions.vcxproj", "{FF31DF77-D26F-43F6-8C90-0B3E2D337052}"
EndProject
Global
	GlobalSection(SolutionConfigurationPlatforms) = preSolution
		Debug|x64 = Debug|x64
		Release|x64 = Release|x64
	EndGlobalSection
	GlobalSection(ProjectConfigurationPlatforms) = postSolution
		{FF31DF77-D26F-43F6-8C90-0B3E2D337052}.Debug|x64.ActiveCfg = Debug|x64
		{FF31DF77-D26F-43F6-8C90-0B3E2D337052}.Debug|x64.Build.0 = Debug|x64
		{FF31DF77-D26F-43F6-8C90-0B3E2D337052}.Release|x64.ActiveCfg = Release|x64
		{FF31DF77-D26F-43F6-8C90-0B3E2D337052}.Release|x64.Build.0 = Release|x64
	EndGlobalSection
EndGlobal
